
Microsoft Visual Studio Solution File, Format Version 12.00
# Visual Studio Version 17
VisualStudioVersion = 17.8.34511.84
MinimumVisualStudioVersion = 10.0.40219.1
Project("{8BC9CEB8-8B4A-11D0-8D11-00A0C91BC942}") = "BitEngine", "BitEngine\BitEngine.vcxproj", "{6A46F19A-EB0F-4D71-AB22-47805D8600C2}"
EndProject
Project("{8BC9CEB8-8B4A-11D0-8D11-00A0C91BC942}") = "Graphics", "Graphics\Graphics.vcxproj", "{AC40E91A-0268-412A-A9F3-5224B0BBBB34}"
EndProject
Project("{8BC9CEB8-8B4A-11D0-8D11-00A0C91BC942}") = "InputSystem", "InputSystem\InputSystem.vcxproj", "{EA6C39F9-8896-4DD7-ACEE-46F5FEA81B31}"
EndProject
Project("{8BC9CEB8-8B4A-11D0-8D11-00A0C91BC942}") = "FaiaUtils", "FaiaUtils\FaiaUtils.vcxproj", "{9FB7798C-1956-4724-BB16-7E149451C2FD}"
EndProject
Project("{8BC9CEB8-8B4A-11D0-8D11-00A0C91BC942}") = "DataShared", "DataShared\DataShared.vcxproj", "{4F0E7D21-4EEE-4144-B93D-FC81BA26E52E}"
EndProject
Project("{8BC9CEB8-8B4A-11D0-8D11-00A0C91BC942}") = "BitEngineEditor", "BitEngineEditor\BitEngineEditor.vcxproj", "{23382A00-0960-47D3-926C-E4AE453733DB}"
EndProject
Project("{8BC9CEB8-8B4A-11D0-8D11-00A0C91BC942}") = "BitGame", "BitGame\BitGame.vcxproj", "{FCD574B7-1C9A-41D4-B1C4-3C66837C92DF}"
EndProject
Global
	GlobalSection(SolutionConfigurationPlatforms) = preSolution
		Debug|x64 = Debug|x64
		Debug|x86 = Debug|x86
		Release|x64 = Release|x64
		Release|x86 = Release|x86
	EndGlobalSection
	GlobalSection(ProjectConfigurationPlatforms) = postSolution
		{6A46F19A-EB0F-4D71-AB22-47805D8600C2}.Debug|x64.ActiveCfg = Debug|x64
		{6A46F19A-EB0F-4D71-AB22-47805D8600C2}.Debug|x64.Build.0 = Debug|x64
		{6A46F19A-EB0F-4D71-AB22-47805D8600C2}.Debug|x86.ActiveCfg = Debug|x64
		{6A46F19A-EB0F-4D71-AB22-47805D8600C2}.Release|x64.ActiveCfg = Release|x64
		{6A46F19A-EB0F-4D71-AB22-47805D8600C2}.Release|x64.Build.0 = Release|x64
		{6A46F19A-EB0F-4D71-AB22-47805D8600C2}.Release|x86.ActiveCfg = Release|x64
		{AC40E91A-0268-412A-A9F3-5224B0BBBB34}.Debug|x64.ActiveCfg = Debug|x64
		{AC40E91A-0268-412A-A9F3-5224B0BBBB34}.Debug|x64.Build.0 = Debug|x64
		{AC40E91A-0268-412A-A9F3-5224B0BBBB34}.Debug|x86.ActiveCfg = Debug|Win32
		{AC40E91A-0268-412A-A9F3-5224B0BBBB34}.Debug|x86.Build.0 = Debug|Win32
		{AC40E91A-0268-412A-A9F3-5224B0BBBB34}.Release|x64.ActiveCfg = Release|x64
		{AC40E91A-0268-412A-A9F3-5224B0BBBB34}.Release|x64.Build.0 = Release|x64
		{AC40E91A-0268-412A-A9F3-5224B0BBBB34}.Release|x86.ActiveCfg = Release|Win32
		{AC40E91A-0268-412A-A9F3-5224B0BBBB34}.Release|x86.Build.0 = Release|Win32
		{EA6C39F9-8896-4DD7-ACEE-46F5FEA81B31}.Debug|x64.ActiveCfg = Debug|x64
		{EA6C39F9-8896-4DD7-ACEE-46F5FEA81B31}.Debug|x64.Build.0 = Debug|x64
		{EA6C39F9-8896-4DD7-ACEE-46F5FEA81B31}.Debug|x86.ActiveCfg = Debug|Win32
		{EA6C39F9-8896-4DD7-ACEE-46F5FEA81B31}.Debug|x86.Build.0 = Debug|Win32
		{EA6C39F9-8896-4DD7-ACEE-46F5FEA81B31}.Release|x64.ActiveCfg = Release|x64
		{EA6C39F9-8896-4DD7-ACEE-46F5FEA81B31}.Release|x64.Build.0 = Release|x64
		{EA6C39F9-8896-4DD7-ACEE-46F5FEA81B31}.Release|x86.ActiveCfg = Release|Win32
		{EA6C39F9-8896-4DD7-ACEE-46F5FEA81B31}.Release|x86.Build.0 = Release|Win32
		{9FB7798C-1956-4724-BB16-7E149451C2FD}.Debug|x64.ActiveCfg = Debug|x64
		{9FB7798C-1956-4724-BB16-7E149451C2FD}.Debug|x64.Build.0 = Debug|x64
		{9FB7798C-1956-4724-BB16-7E149451C2FD}.Debug|x86.ActiveCfg = Debug|Win32
		{9FB7798C-1956-4724-BB16-7E149451C2FD}.Debug|x86.Build.0 = Debug|Win32
		{9FB7798C-1956-4724-BB16-7E149451C2FD}.Release|x64.ActiveCfg = Release|x64
		{9FB7798C-1956-4724-BB16-7E149451C2FD}.Release|x64.Build.0 = Release|x64
		{9FB7798C-1956-4724-BB16-7E149451C2FD}.Release|x86.ActiveCfg = Release|Win32
		{9FB7798C-1956-4724-BB16-7E149451C2FD}.Release|x86.Build.0 = Release|Win32
		{4F0E7D21-4EEE-4144-B93D-FC81BA26E52E}.Debug|x64.ActiveCfg = Debug|x64
		{4F0E7D21-4EEE-4144-B93D-FC81BA26E52E}.Debug|x64.Build.0 = Debug|x64
		{4F0E7D21-4EEE-4144-B93D-FC81BA26E52E}.Debug|x86.ActiveCfg = Debug|Win32
		{4F0E7D21-4EEE-4144-B93D-FC81BA26E52E}.Debug|x86.Build.0 = Debug|Win32
		{4F0E7D21-4EEE-4144-B93D-FC81BA26E52E}.Release|x64.ActiveCfg = Release|x64
		{4F0E7D21-4EEE-4144-B93D-FC81BA26E52E}.Release|x64.Build.0 = Release|x64
		{4F0E7D21-4EEE-4144-B93D-FC81BA26E52E}.Release|x86.ActiveCfg = Release|Win32
		{4F0E7D21-4EEE-4144-B93D-FC81BA26E52E}.Release|x86.Build.0 = Release|Win32
		{23382A00-0960-47D3-926C-E4AE453733DB}.Debug|x64.ActiveCfg = Debug|x64
		{23382A00-0960-47D3-926C-E4AE453733DB}.Debug|x64.Build.0 = Debug|x64
		{23382A00-0960-47D3-926C-E4AE453733DB}.Debug|x86.ActiveCfg = Debug|Win32
		{23382A00-0960-47D3-926C-E4AE453733DB}.Debug|x86.Build.0 = Debug|Win32
		{23382A00-0960-47D3-926C-E4AE453733DB}.Release|x64.ActiveCfg = Release|x64
		{23382A00-0960-47D3-926C-E4AE453733DB}.Release|x64.Build.0 = Release|x64
		{23382A00-0960-47D3-926C-E4AE453733DB}.Release|x86.ActiveCfg = Release|Win32
		{23382A00-0960-47D3-926C-E4AE453733DB}.Release|x86.Build.0 = Release|Win32
		{FCD574B7-1C9A-41D4-B1C4-3C66837C92DF}.Debug|x64.ActiveCfg = Debug|x64
		{FCD574B7-1C9A-41D4-B1C4-3C66837C92DF}.Debug|x64.Build.0 = Debug|x64
		{FCD574B7-1C9A-41D4-B1C4-3C66837C92DF}.Debug|x86.ActiveCfg = Debug|Win32
		{FCD574B7-1C9A-41D4-B1C4-3C66837C92DF}.Debug|x86.Build.0 = Debug|Win32
		{FCD574B7-1C9A-41D4-B1C4-3C66837C92DF}.Release|x64.ActiveCfg = Release|x64
		{FCD574B7-1C9A-41D4-B1C4-3C66837C92DF}.Release|x64.Build.0 = Release|x64
		{FCD574B7-1C9A-41D4-B1C4-3C66837C92DF}.Release|x86.ActiveCfg = Release|Win32
		{FCD574B7-1C9A-41D4-B1C4-3C66837C92DF}.Release|x86.Build.0 = Release|Win32
	EndGlobalSection
	GlobalSection(SolutionProperties) = preSolution
		HideSolutionNode = FALSE
	EndGlobalSection
	GlobalSection(ExtensibilityGlobals) = postSolution
		SolutionGuid = {5AED585E-05EA-496B-9BC2-76E8A3E15785}
	EndGlobalSection
EndGlobal
