<?xml version="1.0" encoding="utf-8"?>
<Project ToolsVersion="4.0" xmlns="http://schemas.microsoft.com/developer/msbuild/2003">
  <ItemGroup>
    <Filter Include="Source Files">
      <UniqueIdentifier>{4FC737F1-C7A5-4376-A066-2A32D752A2FF}</UniqueIdentifier>
      <Extensions>cpp;c;cc;cxx;c++;cppm;ixx;def;odl;idl;hpj;bat;asm;asmx</Extensions>
    </Filter>
    <Filter Include="Header Files">
      <UniqueIdentifier>{93995380-89BD-4b04-88EB-625FBE52EBFB}</UniqueIdentifier>
      <Extensions>h;hh;hpp;hxx;h++;hm;inl;inc;ipp;xsd</Extensions>
    </Filter>
    <Filter Include="Header Files\Core">
      <UniqueIdentifier>{c67853fa-dd40-4366-8c8f-93113b6814e4}</UniqueIdentifier>
    </Filter>
    <Filter Include="Header Files\Data">
      <UniqueIdentifier>{1aca2b9f-b1d8-420a-b09c-faafe16b95aa}</UniqueIdentifier>
    </Filter>
    <Filter Include="Header Files\Graphics">
      <UniqueIdentifier>{0ab0e75a-c495-4791-8226-c7943b184636}</UniqueIdentifier>
    </Filter>
    <Filter Include="Source Files\Core">
      <UniqueIdentifier>{9762f10f-ab8f-4a01-ac1b-c1033d6cd8e4}</UniqueIdentifier>
    </Filter>
    <Filter Include="Source Files\Data">
      <UniqueIdentifier>{17ba713e-3e09-4366-a91d-5ef58d23b5ba}</UniqueIdentifier>
    </Filter>
    <Filter Include="Source Files\Graphics">
      <UniqueIdentifier>{06cf09c1-3906-4842-8b99-af4cbc2dd103}</UniqueIdentifier>
    </Filter>
    <Filter Include="Header Files\Core\Scene">
      <UniqueIdentifier>{e5821b7e-da1f-4bda-886a-e250969100d8}</UniqueIdentifier>
    </Filter>
    <Filter Include="Source Files\Core\Scene">
      <UniqueIdentifier>{d28b19bd-7bef-4b26-a8da-8a314d495493}</UniqueIdentifier>
    </Filter>
    <Filter Include="Header Files\Components">
      <UniqueIdentifier>{1c157b17-fdc5-49d8-8e4f-47e38eacfadb}</UniqueIdentifier>
    </Filter>
    <Filter Include="Source Files\Components">
      <UniqueIdentifier>{0cb35c93-8b0c-419c-b82f-b29e94d8422c}</UniqueIdentifier>
    </Filter>
    <Filter Include="Header Files\Graphics\Mesh">
      <UniqueIdentifier>{9c512046-cdd0-4c77-8a66-72eeef932ee3}</UniqueIdentifier>
    </Filter>
    <Filter Include="Source Files\Graphics\Mesh">
      <UniqueIdentifier>{02327794-07de-4d3e-acc5-28938b95dc30}</UniqueIdentifier>
    </Filter>
  </ItemGroup>
  <ItemGroup>
    <ClInclude Include="Include\Core\RootEngine.h">
      <Filter>Header Files\Core</Filter>
    </ClInclude>
    <ClInclude Include="Include\Data\RMeshData.h">
      <Filter>Header Files\Data</Filter>
    </ClInclude>
    <ClInclude Include="Include\Data\RVector2D.h">
      <Filter>Header Files\Data</Filter>
    </ClInclude>
    <ClInclude Include="Include\Data\RVector3D.h">
      <Filter>Header Files\Data</Filter>
    </ClInclude>
    <ClInclude Include="Include\Graphics\RCamera.h">
      <Filter>Header Files\Graphics</Filter>
    </ClInclude>
    <ClInclude Include="Include\Graphics\GraphicsMain.h">
      <Filter>Header Files\Graphics</Filter>
    </ClInclude>
    <ClInclude Include="Include\Graphics\RMaterial.h">
      <Filter>Header Files\Graphics</Filter>
    </ClInclude>
    <ClInclude Include="Include\Graphics\MaterialManager.h">
      <Filter>Header Files\Graphics</Filter>
    </ClInclude>
    <ClInclude Include="Include\Graphics\Shader.h">
      <Filter>Header Files\Graphics</Filter>
    </ClInclude>
    <ClInclude Include="Include\Graphics\Texture2D.h">
      <Filter>Header Files\Graphics</Filter>
    </ClInclude>
    <ClInclude Include="Include\Data\RQuaternion.h">
      <Filter>Header Files\Data</Filter>
    </ClInclude>
    <ClInclude Include="Include\Core\Scene\Scene.h">
      <Filter>Header Files\Core\Scene</Filter>
    </ClInclude>
    <ClInclude Include="Include\Core\Scene\SceneObject.h">
      <Filter>Header Files\Core\Scene</Filter>
    </ClInclude>
    <ClInclude Include="Include\Core\RObject.h">
      <Filter>Header Files\Core</Filter>
    </ClInclude>
    <ClInclude Include="Include\Core\RComponent.h">
      <Filter>Header Files\Core</Filter>
    </ClInclude>
    <ClInclude Include="Include\Core\Scene\SceneManager.h">
      <Filter>Header Files\Core\Scene</Filter>
    </ClInclude>
    <ClInclude Include="Include\Components\RMaterialComponent.h">
      <Filter>Header Files\Components</Filter>
    </ClInclude>
    <ClInclude Include="Include\Components\RMeshComponent.h">
      <Filter>Header Files\Components</Filter>
    </ClInclude>
    <ClInclude Include="Include\Components\TestComponent.h">
      <Filter>Header Files\Components</Filter>
    </ClInclude>
    <ClInclude Include="Include\Components\RPointLightComponent.h">
      <Filter>Header Files\Components</Filter>
    </ClInclude>
    <ClInclude Include="Include\Data\RColor.h">
      <Filter>Header Files\Data</Filter>
    </ClInclude>
    <ClInclude Include="Include\Graphics\LightManager.h">
      <Filter>Header Files\Graphics</Filter>
    </ClInclude>
    <ClInclude Include="Include\Components\RAnimationComponent.h">
      <Filter>Header Files\Components</Filter>
    </ClInclude>
    <ClInclude Include="Include\Data\RMatrix4x4.h">
      <Filter>Header Files\Data</Filter>
    </ClInclude>
    <ClInclude Include="Include\Core\ResourcesManager.h">
      <Filter>Header Files\Core</Filter>
    </ClInclude>
    <ClInclude Include="Include\Core\ResourceContainer.h">
      <Filter>Header Files\Core</Filter>
    </ClInclude>
    <ClInclude Include="Include\Graphics\Mesh\RMesh.h">
      <Filter>Header Files\Graphics\Mesh</Filter>
    </ClInclude>
    <ClInclude Include="Include\Graphics\Mesh\RMeshRenderer.h">
      <Filter>Header Files\Graphics\Mesh</Filter>
    </ClInclude>
    <ClInclude Include="Include\Graphics\Mesh\RSkeletalMesh.h">
      <Filter>Header Files\Graphics\Mesh</Filter>
    </ClInclude>
    <ClInclude Include="Include\Graphics\Mesh\RSkeletalMeshRenderer.h">
      <Filter>Header Files\Graphics\Mesh</Filter>
    </ClInclude>
    <ClInclude Include="Include\Components\RSkeletalMeshComponent.h">
      <Filter>Header Files\Components</Filter>
    </ClInclude>
    <ClInclude Include="Include\Graphics\RConstantBuffersHandler.h">
      <Filter>Header Files\Graphics</Filter>
    </ClInclude>
  </ItemGroup>
  <ItemGroup>
    <ClCompile Include="Source\Core\RootEngine.cpp">
      <Filter>Source Files\Core</Filter>
    </ClCompile>
    <ClCompile Include="Source\Data\RMeshData.cpp">
      <Filter>Source Files\Data</Filter>
    </ClCompile>
    <ClCompile Include="Source\Graphics\RCamera.cpp">
      <Filter>Source Files\Graphics</Filter>
    </ClCompile>
    <ClCompile Include="Source\Graphics\GraphicsMain.cpp">
      <Filter>Source Files\Graphics</Filter>
    </ClCompile>
    <ClCompile Include="Source\Graphics\RMaterial.cpp">
      <Filter>Source Files\Graphics</Filter>
    </ClCompile>
    <ClCompile Include="Source\Graphics\MaterialManager.cpp">
      <Filter>Source Files\Graphics</Filter>
    </ClCompile>
    <ClCompile Include="Source\Graphics\Shader.cpp">
      <Filter>Source Files\Graphics</Filter>
    </ClCompile>
    <ClCompile Include="Source\Graphics\Texture2D.cpp">
      <Filter>Source Files\Graphics</Filter>
    </ClCompile>
    <ClCompile Include="Source\Core\Scene\Scene.cpp">
      <Filter>Source Files\Core\Scene</Filter>
    </ClCompile>
    <ClCompile Include="Source\Core\Scene\SceneObject.cpp">
      <Filter>Source Files\Core\Scene</Filter>
    </ClCompile>
    <ClCompile Include="Source\Core\RObject.cpp">
      <Filter>Source Files\Core</Filter>
    </ClCompile>
    <ClCompile Include="Source\Core\RComponent.cpp">
      <Filter>Source Files\Core</Filter>
    </ClCompile>
    <ClCompile Include="Source\Core\Scene\SceneManager.cpp">
      <Filter>Source Files\Core\Scene</Filter>
    </ClCompile>
    <ClCompile Include="Source\Components\RMaterialComponent.cpp">
      <Filter>Source Files\Components</Filter>
    </ClCompile>
    <ClCompile Include="Source\Components\RMeshComponent.cpp">
      <Filter>Source Files\Components</Filter>
    </ClCompile>
    <ClCompile Include="Source\Components\RPointLightComponent.cpp">
      <Filter>Source Files\Components</Filter>
    </ClCompile>
    <ClCompile Include="Source\Graphics\LightManager.cpp">
      <Filter>Source Files\Graphics</Filter>
    </ClCompile>
    <ClCompile Include="Source\Components\RAnimationComponent.cpp">
      <Filter>Source Files\Components</Filter>
    </ClCompile>
    <ClCompile Include="Source\Core\ResourcesManager.cpp">
      <Filter>Source Files\Core</Filter>
    </ClCompile>
    <ClCompile Include="Source\Core\ResourceContainer.cpp">
      <Filter>Source Files\Core</Filter>
    </ClCompile>
    <ClCompile Include="Source\Graphics\Mesh\RMesh.cpp">
      <Filter>Source Files\Graphics\Mesh</Filter>
    </ClCompile>
    <ClCompile Include="Source\Graphics\Mesh\RMeshRenderer.cpp">
      <Filter>Source Files\Graphics\Mesh</Filter>
    </ClCompile>
    <ClCompile Include="Source\Graphics\Mesh\RSkeletalMesh.cpp">
      <Filter>Source Files\Graphics\Mesh</Filter>
    </ClCompile>
    <ClCompile Include="Source\Graphics\Mesh\RSkeletalMeshRenderer.cpp">
      <Filter>Source Files\Graphics\Mesh</Filter>
    </ClCompile>
    <ClCompile Include="Source\Components\RSkeletalMeshComponent.cpp">
      <Filter>Source Files\Components</Filter>
    </ClCompile>
    <ClCompile Include="Source\Graphics\RConstantBuffersHandler.cpp">
      <Filter>Source Files\Graphics</Filter>
    </ClCompile>
  </ItemGroup>
</Project>